{
  "name": "lan-jobex-sync",
  "version": "1.0.0",
  "lockfileVersion": 3,
  "requires": true,
  "packages": {
    "": {
      "name": "lan-jobex-sync",
      "version": "1.0.0",
      "dependencies": {
        "dotenv": "^16.0.0",
        "framer-api": "latest",
        "googleapis": "^144.0.0"
      },
      "engines": {
        "node": ">=22"
      }
    }
  }
}
